// !$*UTF8*$!
{
	archiveVersion = 1;
	classes = {
	};
	objectVersion = 46;
	objects = {

/* Begin PBXAggregateTarget section */
		4CC34FAA1874D38300AD02E2 /* Mogenerator */ = {
			isa = PBXAggregateTarget;
			buildConfigurationList = 4CC34FAB1874D38300AD02E2 /* Build configuration list for PBXAggregateTarget "Mogenerator" */;
			buildPhases = (
				4CC34FAE1874D4F000AD02E2 /* ShellScript */,
			);
			dependencies = (
			);
			name = Mogenerator;
			productName = Mogenerator;
		};
/* End PBXAggregateTarget section */

/* Begin PBXBuildFile section */
		4C36706818673FD100BDC5F5 /* SRRestKitManager.m in Sources */ = {isa = PBXBuildFile; fileRef = 4C36706718673FD100BDC5F5 /* SRRestKitManager.m */; };
		4C685B141866286400ED860D /* Foundation.framework in Frameworks */ = {isa = PBXBuildFile; fileRef = 4C685B131866286400ED860D /* Foundation.framework */; };
		4C685B161866286400ED860D /* CoreGraphics.framework in Frameworks */ = {isa = PBXBuildFile; fileRef = 4C685B151866286400ED860D /* CoreGraphics.framework */; };
		4C685B181866286400ED860D /* UIKit.framework in Frameworks */ = {isa = PBXBuildFile; fileRef = 4C685B171866286400ED860D /* UIKit.framework */; };
		4C685B1A1866286400ED860D /* CoreData.framework in Frameworks */ = {isa = PBXBuildFile; fileRef = 4C685B191866286400ED860D /* CoreData.framework */; };
		4C685B201866286500ED860D /* InfoPlist.strings in Resources */ = {isa = PBXBuildFile; fileRef = 4C685B1E1866286500ED860D /* InfoPlist.strings */; };
		4C685B221866286500ED860D /* main.m in Sources */ = {isa = PBXBuildFile; fileRef = 4C685B211866286500ED860D /* main.m */; };
		4C685B261866286500ED860D /* SRAppDelegate.m in Sources */ = {isa = PBXBuildFile; fileRef = 4C685B251866286500ED860D /* SRAppDelegate.m */; };
		4C685B291866286500ED860D /* SlowRoll.xcdatamodeld in Sources */ = {isa = PBXBuildFile; fileRef = 4C685B271866286500ED860D /* SlowRoll.xcdatamodeld */; };
		4C685B2B1866286500ED860D /* Images.xcassets in Resources */ = {isa = PBXBuildFile; fileRef = 4C685B2A1866286500ED860D /* Images.xcassets */; };
		4C685B321866286500ED860D /* XCTest.framework in Frameworks */ = {isa = PBXBuildFile; fileRef = 4C685B311866286500ED860D /* XCTest.framework */; };
		4C685B331866286500ED860D /* Foundation.framework in Frameworks */ = {isa = PBXBuildFile; fileRef = 4C685B131866286400ED860D /* Foundation.framework */; };
		4C685B341866286500ED860D /* UIKit.framework in Frameworks */ = {isa = PBXBuildFile; fileRef = 4C685B171866286400ED860D /* UIKit.framework */; };
		4C685B351866286500ED860D /* CoreData.framework in Frameworks */ = {isa = PBXBuildFile; fileRef = 4C685B191866286400ED860D /* CoreData.framework */; };
		4C685B3D1866286500ED860D /* InfoPlist.strings in Resources */ = {isa = PBXBuildFile; fileRef = 4C685B3B1866286500ED860D /* InfoPlist.strings */; };
		4C685B3F1866286500ED860D /* SlowRollTests.m in Sources */ = {isa = PBXBuildFile; fileRef = 4C685B3E1866286500ED860D /* SlowRollTests.m */; };
		4CAC9FF818805D63007C0CEC /* UIFont+SRFonts.m in Sources */ = {isa = PBXBuildFile; fileRef = 4CAC9FF718805D63007C0CEC /* UIFont+SRFonts.m */; };
		4CAC9FFB188B18EF007C0CEC /* SRDeliveryOptionsViewController.m in Sources */ = {isa = PBXBuildFile; fileRef = 4CAC9FFA188B18EF007C0CEC /* SRDeliveryOptionsViewController.m */; };
		4CAC9FFE188B19F2007C0CEC /* SRDeliveryOptionCell.m in Sources */ = {isa = PBXBuildFile; fileRef = 4CAC9FFD188B19F2007C0CEC /* SRDeliveryOptionCell.m */; };
		4CC34FA21868B91500AD02E2 /* Crashlytics.framework in Frameworks */ = {isa = PBXBuildFile; fileRef = 4CC34FA11868B91500AD02E2 /* Crashlytics.framework */; };
		4CC34FA6186CDFCD00AD02E2 /* SRCameraRollListViewController.m in Sources */ = {isa = PBXBuildFile; fileRef = 4CC34FA5186CDFCD00AD02E2 /* SRCameraRollListViewController.m */; };
		4CC34FA9186CF7D600AD02E2 /* SRCreateRollViewController.m in Sources */ = {isa = PBXBuildFile; fileRef = 4CC34FA8186CF7D600AD02E2 /* SRCreateRollViewController.m */; };
		4CC34FB71874D7B900AD02E2 /* _SRCameraRoll.m in Sources */ = {isa = PBXBuildFile; fileRef = 4CC34FB21874D7B900AD02E2 /* _SRCameraRoll.m */; };
		4CC34FB81874D7B900AD02E2 /* _SRPurchaseOrder.m in Sources */ = {isa = PBXBuildFile; fileRef = 4CC34FB41874D7B900AD02E2 /* _SRPurchaseOrder.m */; };
		4CC34FB91874D7B900AD02E2 /* _SRRollParticipant.m in Sources */ = {isa = PBXBuildFile; fileRef = 4CC34FB61874D7B900AD02E2 /* _SRRollParticipant.m */; };
		4CC34FC21874D7F000AD02E2 /* SRCameraRoll.m in Sources */ = {isa = PBXBuildFile; fileRef = 4CC34FBD1874D7F000AD02E2 /* SRCameraRoll.m */; };
		4CC34FC31874D7F000AD02E2 /* SRPurchaseOrder.m in Sources */ = {isa = PBXBuildFile; fileRef = 4CC34FBF1874D7F000AD02E2 /* SRPurchaseOrder.m */; };
		4CC34FC41874D7F000AD02E2 /* SRRollParticipant.m in Sources */ = {isa = PBXBuildFile; fileRef = 4CC34FC11874D7F000AD02E2 /* SRRollParticipant.m */; };
		4CC34FC81875063300AD02E2 /* SRSubtitleCell.m in Sources */ = {isa = PBXBuildFile; fileRef = 4CC34FC71875063300AD02E2 /* SRSubtitleCell.m */; };
		4CC34FCF187A14AC00AD02E2 /* SRCreateRollCoordinator.m in Sources */ = {isa = PBXBuildFile; fileRef = 4CC34FCE187A14AC00AD02E2 /* SRCreateRollCoordinator.m */; };
		4CC34FD2187A160800AD02E2 /* SREditableCell.m in Sources */ = {isa = PBXBuildFile; fileRef = 4CC34FD1187A160800AD02E2 /* SREditableCell.m */; };
		4CC34FD8187A191000AD02E2 /* SRSegmentedCell.m in Sources */ = {isa = PBXBuildFile; fileRef = 4CC34FD7187A191000AD02E2 /* SRSegmentedCell.m */; };
		4CC34FDC187A436100AD02E2 /* UIColor+SRColors.m in Sources */ = {isa = PBXBuildFile; fileRef = 4CC34FDB187A436100AD02E2 /* UIColor+SRColors.m */; };
		4CC34FE0187A450000AD02E2 /* SRSegmentedControl.m in Sources */ = {isa = PBXBuildFile; fileRef = 4CC34FDF187A450000AD02E2 /* SRSegmentedControl.m */; };
		4CC34FE3187A459500AD02E2 /* UIImage+SRColor.m in Sources */ = {isa = PBXBuildFile; fileRef = 4CC34FE2187A459500AD02E2 /* UIImage+SRColor.m */; };
		4CC34FE9187A623E00AD02E2 /* SRCaptureViewController.m in Sources */ = {isa = PBXBuildFile; fileRef = 4CC34FE6187A623E00AD02E2 /* SRCaptureViewController.m */; };
		4CC34FEA187A623E00AD02E2 /* SRCaptureSessionManager.m in Sources */ = {isa = PBXBuildFile; fileRef = 4CC34FE8187A623E00AD02E2 /* SRCaptureSessionManager.m */; };
		CFDEBD76A4464015A6996773 /* libPods.a in Frameworks */ = {isa = PBXBuildFile; fileRef = 3201D1097F014222AAAFA51F /* libPods.a */; };
/* End PBXBuildFile section */

/* Begin PBXContainerItemProxy section */
		4C685B361866286500ED860D /* PBXContainerItemProxy */ = {
			isa = PBXContainerItemProxy;
			containerPortal = 4C685B081866286400ED860D /* Project object */;
			proxyType = 1;
			remoteGlobalIDString = 4C685B0F1866286400ED860D;
			remoteInfo = SlowRoll;
		};
/* End PBXContainerItemProxy section */

/* Begin PBXFileReference section */
		3201D1097F014222AAAFA51F /* libPods.a */ = {isa = PBXFileReference; explicitFileType = archive.ar; includeInIndex = 0; path = libPods.a; sourceTree = BUILT_PRODUCTS_DIR; };
		4C0A43101867CC53005EBC18 /* SRNetworkingProtocol.h */ = {isa = PBXFileReference; lastKnownFileType = sourcecode.c.h; path = SRNetworkingProtocol.h; sourceTree = "<group>"; };
		4C36706618673FD100BDC5F5 /* SRRestKitManager.h */ = {isa = PBXFileReference; fileEncoding = 4; lastKnownFileType = sourcecode.c.h; path = SRRestKitManager.h; sourceTree = "<group>"; };
		4C36706718673FD100BDC5F5 /* SRRestKitManager.m */ = {isa = PBXFileReference; fileEncoding = 4; lastKnownFileType = sourcecode.c.objc; path = SRRestKitManager.m; sourceTree = "<group>"; };
		4C685B101866286400ED860D /* SlowRoll.app */ = {isa = PBXFileReference; explicitFileType = wrapper.application; includeInIndex = 0; path = SlowRoll.app; sourceTree = BUILT_PRODUCTS_DIR; };
		4C685B131866286400ED860D /* Foundation.framework */ = {isa = PBXFileReference; lastKnownFileType = wrapper.framework; name = Foundation.framework; path = System/Library/Frameworks/Foundation.framework; sourceTree = SDKROOT; };
		4C685B151866286400ED860D /* CoreGraphics.framework */ = {isa = PBXFileReference; lastKnownFileType = wrapper.framework; name = CoreGraphics.framework; path = System/Library/Frameworks/CoreGraphics.framework; sourceTree = SDKROOT; };
		4C685B171866286400ED860D /* UIKit.framework */ = {isa = PBXFileReference; lastKnownFileType = wrapper.framework; name = UIKit.framework; path = System/Library/Frameworks/UIKit.framework; sourceTree = SDKROOT; };
		4C685B191866286400ED860D /* CoreData.framework */ = {isa = PBXFileReference; lastKnownFileType = wrapper.framework; name = CoreData.framework; path = System/Library/Frameworks/CoreData.framework; sourceTree = SDKROOT; };
		4C685B1D1866286400ED860D /* SlowRoll-Info.plist */ = {isa = PBXFileReference; lastKnownFileType = text.plist.xml; path = "SlowRoll-Info.plist"; sourceTree = "<group>"; };
		4C685B1F1866286500ED860D /* en */ = {isa = PBXFileReference; lastKnownFileType = text.plist.strings; name = en; path = en.lproj/InfoPlist.strings; sourceTree = "<group>"; };
		4C685B211866286500ED860D /* main.m */ = {isa = PBXFileReference; lastKnownFileType = sourcecode.c.objc; path = main.m; sourceTree = "<group>"; };
		4C685B231866286500ED860D /* SlowRoll-Prefix.pch */ = {isa = PBXFileReference; lastKnownFileType = sourcecode.c.h; path = "SlowRoll-Prefix.pch"; sourceTree = "<group>"; };
		4C685B241866286500ED860D /* SRAppDelegate.h */ = {isa = PBXFileReference; lastKnownFileType = sourcecode.c.h; path = SRAppDelegate.h; sourceTree = "<group>"; };
		4C685B251866286500ED860D /* SRAppDelegate.m */ = {isa = PBXFileReference; lastKnownFileType = sourcecode.c.objc; path = SRAppDelegate.m; sourceTree = "<group>"; };
		4C685B281866286500ED860D /* SlowRoll.xcdatamodel */ = {isa = PBXFileReference; lastKnownFileType = wrapper.xcdatamodel; path = SlowRoll.xcdatamodel; sourceTree = "<group>"; };
		4C685B2A1866286500ED860D /* Images.xcassets */ = {isa = PBXFileReference; lastKnownFileType = folder.assetcatalog; path = Images.xcassets; sourceTree = "<group>"; };
		4C685B301866286500ED860D /* SlowRollTests.xctest */ = {isa = PBXFileReference; explicitFileType = wrapper.cfbundle; includeInIndex = 0; path = SlowRollTests.xctest; sourceTree = BUILT_PRODUCTS_DIR; };
		4C685B311866286500ED860D /* XCTest.framework */ = {isa = PBXFileReference; lastKnownFileType = wrapper.framework; name = XCTest.framework; path = Library/Frameworks/XCTest.framework; sourceTree = DEVELOPER_DIR; };
		4C685B3A1866286500ED860D /* SlowRollTests-Info.plist */ = {isa = PBXFileReference; lastKnownFileType = text.plist.xml; path = "SlowRollTests-Info.plist"; sourceTree = "<group>"; };
		4C685B3C1866286500ED860D /* en */ = {isa = PBXFileReference; lastKnownFileType = text.plist.strings; name = en; path = en.lproj/InfoPlist.strings; sourceTree = "<group>"; };
		4C685B3E1866286500ED860D /* SlowRollTests.m */ = {isa = PBXFileReference; lastKnownFileType = sourcecode.c.objc; path = SlowRollTests.m; sourceTree = "<group>"; };
		4CAC9FF618805D63007C0CEC /* UIFont+SRFonts.h */ = {isa = PBXFileReference; fileEncoding = 4; lastKnownFileType = sourcecode.c.h; path = "UIFont+SRFonts.h"; sourceTree = "<group>"; };
		4CAC9FF718805D63007C0CEC /* UIFont+SRFonts.m */ = {isa = PBXFileReference; fileEncoding = 4; lastKnownFileType = sourcecode.c.objc; path = "UIFont+SRFonts.m"; sourceTree = "<group>"; };
		4CAC9FF9188B18EF007C0CEC /* SRDeliveryOptionsViewController.h */ = {isa = PBXFileReference; fileEncoding = 4; lastKnownFileType = sourcecode.c.h; path = SRDeliveryOptionsViewController.h; sourceTree = "<group>"; };
		4CAC9FFA188B18EF007C0CEC /* SRDeliveryOptionsViewController.m */ = {isa = PBXFileReference; fileEncoding = 4; lastKnownFileType = sourcecode.c.objc; path = SRDeliveryOptionsViewController.m; sourceTree = "<group>"; };
		4CAC9FFC188B19F2007C0CEC /* SRDeliveryOptionCell.h */ = {isa = PBXFileReference; fileEncoding = 4; lastKnownFileType = sourcecode.c.h; path = SRDeliveryOptionCell.h; sourceTree = "<group>"; };
		4CAC9FFD188B19F2007C0CEC /* SRDeliveryOptionCell.m */ = {isa = PBXFileReference; fileEncoding = 4; lastKnownFileType = sourcecode.c.objc; path = SRDeliveryOptionCell.m; sourceTree = "<group>"; };
		4CC34FA11868B91500AD02E2 /* Crashlytics.framework */ = {isa = PBXFileReference; lastKnownFileType = wrapper.framework; path = Crashlytics.framework; sourceTree = "<group>"; };
		4CC34FA4186CDFCD00AD02E2 /* SRCameraRollListViewController.h */ = {isa = PBXFileReference; fileEncoding = 4; lastKnownFileType = sourcecode.c.h; path = SRCameraRollListViewController.h; sourceTree = "<group>"; };
		4CC34FA5186CDFCD00AD02E2 /* SRCameraRollListViewController.m */ = {isa = PBXFileReference; fileEncoding = 4; lastKnownFileType = sourcecode.c.objc; path = SRCameraRollListViewController.m; sourceTree = "<group>"; };
		4CC34FA7186CF7D600AD02E2 /* SRCreateRollViewController.h */ = {isa = PBXFileReference; fileEncoding = 4; lastKnownFileType = sourcecode.c.h; path = SRCreateRollViewController.h; sourceTree = "<group>"; };
		4CC34FA8186CF7D600AD02E2 /* SRCreateRollViewController.m */ = {isa = PBXFileReference; fileEncoding = 4; lastKnownFileType = sourcecode.c.objc; path = SRCreateRollViewController.m; sourceTree = "<group>"; };
		4CC34FAF1874D5D300AD02E2 /* SlowRoll_1.0.xcdatamodel */ = {isa = PBXFileReference; lastKnownFileType = wrapper.xcdatamodel; path = SlowRoll_1.0.xcdatamodel; sourceTree = "<group>"; };
		4CC34FB11874D7B900AD02E2 /* _SRCameraRoll.h */ = {isa = PBXFileReference; fileEncoding = 4; lastKnownFileType = sourcecode.c.h; name = _SRCameraRoll.h; path = Model/_SRCameraRoll.h; sourceTree = "<group>"; };
		4CC34FB21874D7B900AD02E2 /* _SRCameraRoll.m */ = {isa = PBXFileReference; fileEncoding = 4; lastKnownFileType = sourcecode.c.objc; name = _SRCameraRoll.m; path = Model/_SRCameraRoll.m; sourceTree = "<group>"; };
		4CC34FB31874D7B900AD02E2 /* _SRPurchaseOrder.h */ = {isa = PBXFileReference; fileEncoding = 4; lastKnownFileType = sourcecode.c.h; name = _SRPurchaseOrder.h; path = Model/_SRPurchaseOrder.h; sourceTree = "<group>"; };
		4CC34FB41874D7B900AD02E2 /* _SRPurchaseOrder.m */ = {isa = PBXFileReference; fileEncoding = 4; lastKnownFileType = sourcecode.c.objc; name = _SRPurchaseOrder.m; path = Model/_SRPurchaseOrder.m; sourceTree = "<group>"; };
		4CC34FB51874D7B900AD02E2 /* _SRRollParticipant.h */ = {isa = PBXFileReference; fileEncoding = 4; lastKnownFileType = sourcecode.c.h; name = _SRRollParticipant.h; path = Model/_SRRollParticipant.h; sourceTree = "<group>"; };
		4CC34FB61874D7B900AD02E2 /* _SRRollParticipant.m */ = {isa = PBXFileReference; fileEncoding = 4; lastKnownFileType = sourcecode.c.objc; name = _SRRollParticipant.m; path = Model/_SRRollParticipant.m; sourceTree = "<group>"; };
		4CC34FBC1874D7F000AD02E2 /* SRCameraRoll.h */ = {isa = PBXFileReference; fileEncoding = 4; lastKnownFileType = sourcecode.c.h; name = SRCameraRoll.h; path = Model/SRCameraRoll.h; sourceTree = "<group>"; };
		4CC34FBD1874D7F000AD02E2 /* SRCameraRoll.m */ = {isa = PBXFileReference; fileEncoding = 4; lastKnownFileType = sourcecode.c.objc; name = SRCameraRoll.m; path = Model/SRCameraRoll.m; sourceTree = "<group>"; };
		4CC34FBE1874D7F000AD02E2 /* SRPurchaseOrder.h */ = {isa = PBXFileReference; fileEncoding = 4; lastKnownFileType = sourcecode.c.h; name = SRPurchaseOrder.h; path = Model/SRPurchaseOrder.h; sourceTree = "<group>"; };
		4CC34FBF1874D7F000AD02E2 /* SRPurchaseOrder.m */ = {isa = PBXFileReference; fileEncoding = 4; lastKnownFileType = sourcecode.c.objc; name = SRPurchaseOrder.m; path = Model/SRPurchaseOrder.m; sourceTree = "<group>"; };
		4CC34FC01874D7F000AD02E2 /* SRRollParticipant.h */ = {isa = PBXFileReference; fileEncoding = 4; lastKnownFileType = sourcecode.c.h; name = SRRollParticipant.h; path = Model/SRRollParticipant.h; sourceTree = "<group>"; };
		4CC34FC11874D7F000AD02E2 /* SRRollParticipant.m */ = {isa = PBXFileReference; fileEncoding = 4; lastKnownFileType = sourcecode.c.objc; name = SRRollParticipant.m; path = Model/SRRollParticipant.m; sourceTree = "<group>"; };
		4CC34FC61875063300AD02E2 /* SRSubtitleCell.h */ = {isa = PBXFileReference; fileEncoding = 4; lastKnownFileType = sourcecode.c.h; path = SRSubtitleCell.h; sourceTree = "<group>"; };
		4CC34FC71875063300AD02E2 /* SRSubtitleCell.m */ = {isa = PBXFileReference; fileEncoding = 4; lastKnownFileType = sourcecode.c.objc; path = SRSubtitleCell.m; sourceTree = "<group>"; };
		4CC34FCD187A14AC00AD02E2 /* SRCreateRollCoordinator.h */ = {isa = PBXFileReference; fileEncoding = 4; lastKnownFileType = sourcecode.c.h; path = SRCreateRollCoordinator.h; sourceTree = "<group>"; };
		4CC34FCE187A14AC00AD02E2 /* SRCreateRollCoordinator.m */ = {isa = PBXFileReference; fileEncoding = 4; lastKnownFileType = sourcecode.c.objc; path = SRCreateRollCoordinator.m; sourceTree = "<group>"; };
		4CC34FD0187A160800AD02E2 /* SREditableCell.h */ = {isa = PBXFileReference; fileEncoding = 4; lastKnownFileType = sourcecode.c.h; path = SREditableCell.h; sourceTree = "<group>"; };
		4CC34FD1187A160800AD02E2 /* SREditableCell.m */ = {isa = PBXFileReference; fileEncoding = 4; lastKnownFileType = sourcecode.c.objc; path = SREditableCell.m; sourceTree = "<group>"; };
		4CC34FD6187A191000AD02E2 /* SRSegmentedCell.h */ = {isa = PBXFileReference; fileEncoding = 4; lastKnownFileType = sourcecode.c.h; path = SRSegmentedCell.h; sourceTree = "<group>"; };
		4CC34FD7187A191000AD02E2 /* SRSegmentedCell.m */ = {isa = PBXFileReference; fileEncoding = 4; lastKnownFileType = sourcecode.c.objc; path = SRSegmentedCell.m; sourceTree = "<group>"; };
		4CC34FDA187A436100AD02E2 /* UIColor+SRColors.h */ = {isa = PBXFileReference; fileEncoding = 4; lastKnownFileType = sourcecode.c.h; path = "UIColor+SRColors.h"; sourceTree = "<group>"; };
		4CC34FDB187A436100AD02E2 /* UIColor+SRColors.m */ = {isa = PBXFileReference; fileEncoding = 4; lastKnownFileType = sourcecode.c.objc; path = "UIColor+SRColors.m"; sourceTree = "<group>"; };
		4CC34FDE187A450000AD02E2 /* SRSegmentedControl.h */ = {isa = PBXFileReference; fileEncoding = 4; lastKnownFileType = sourcecode.c.h; path = SRSegmentedControl.h; sourceTree = "<group>"; };
		4CC34FDF187A450000AD02E2 /* SRSegmentedControl.m */ = {isa = PBXFileReference; fileEncoding = 4; lastKnownFileType = sourcecode.c.objc; path = SRSegmentedControl.m; sourceTree = "<group>"; };
		4CC34FE1187A459500AD02E2 /* UIImage+SRColor.h */ = {isa = PBXFileReference; fileEncoding = 4; lastKnownFileType = sourcecode.c.h; path = "UIImage+SRColor.h"; sourceTree = "<group>"; };
		4CC34FE2187A459500AD02E2 /* UIImage+SRColor.m */ = {isa = PBXFileReference; fileEncoding = 4; lastKnownFileType = sourcecode.c.objc; path = "UIImage+SRColor.m"; sourceTree = "<group>"; };
		4CC34FE5187A623E00AD02E2 /* SRCaptureViewController.h */ = {isa = PBXFileReference; fileEncoding = 4; lastKnownFileType = sourcecode.c.h; path = SRCaptureViewController.h; sourceTree = "<group>"; };
		4CC34FE6187A623E00AD02E2 /* SRCaptureViewController.m */ = {isa = PBXFileReference; fileEncoding = 4; lastKnownFileType = sourcecode.c.objc; path = SRCaptureViewController.m; sourceTree = "<group>"; };
		4CC34FE7187A623E00AD02E2 /* SRCaptureSessionManager.h */ = {isa = PBXFileReference; fileEncoding = 4; lastKnownFileType = sourcecode.c.h; path = SRCaptureSessionManager.h; sourceTree = "<group>"; };
		4CC34FE8187A623E00AD02E2 /* SRCaptureSessionManager.m */ = {isa = PBXFileReference; fileEncoding = 4; lastKnownFileType = sourcecode.c.objc; path = SRCaptureSessionManager.m; sourceTree = "<group>"; };
		50B4BDF6A8C6400B9BC4E6E3 /* Pods.xcconfig */ = {isa = PBXFileReference; includeInIndex = 1; lastKnownFileType = text.xcconfig; name = Pods.xcconfig; path = Pods/Pods.xcconfig; sourceTree = "<group>"; };
/* End PBXFileReference section */

/* Begin PBXFrameworksBuildPhase section */
		4C685B0D1866286400ED860D /* Frameworks */ = {
			isa = PBXFrameworksBuildPhase;
			buildActionMask = 2147483647;
			files = (
				4C685B161866286400ED860D /* CoreGraphics.framework in Frameworks */,
				4C685B1A1866286400ED860D /* CoreData.framework in Frameworks */,
				4C685B181866286400ED860D /* UIKit.framework in Frameworks */,
				4C685B141866286400ED860D /* Foundation.framework in Frameworks */,
				4CC34FA21868B91500AD02E2 /* Crashlytics.framework in Frameworks */,
				CFDEBD76A4464015A6996773 /* libPods.a in Frameworks */,
			);
			runOnlyForDeploymentPostprocessing = 0;
		};
		4C685B2D1866286500ED860D /* Frameworks */ = {
			isa = PBXFrameworksBuildPhase;
			buildActionMask = 2147483647;
			files = (
				4C685B321866286500ED860D /* XCTest.framework in Frameworks */,
				4C685B351866286500ED860D /* CoreData.framework in Frameworks */,
				4C685B341866286500ED860D /* UIKit.framework in Frameworks */,
				4C685B331866286500ED860D /* Foundation.framework in Frameworks */,
			);
			runOnlyForDeploymentPostprocessing = 0;
		};
/* End PBXFrameworksBuildPhase section */

/* Begin PBXGroup section */
		4C36706418673F9500BDC5F5 /* Core Data */ = {
			isa = PBXGroup;
			children = (
				4C685B271866286500ED860D /* SlowRoll.xcdatamodeld */,
				4CC34FB01874D79400AD02E2 /* Core Data Entities */,
			);
			name = "Core Data";
			sourceTree = "<group>";
		};
		4C36706518673FA200BDC5F5 /* RestKit Integration */ = {
			isa = PBXGroup;
			children = (
				4C36706618673FD100BDC5F5 /* SRRestKitManager.h */,
				4C36706718673FD100BDC5F5 /* SRRestKitManager.m */,
			);
			name = "RestKit Integration";
			sourceTree = "<group>";
		};
		4C367069186741BE00BDC5F5 /* Networking */ = {
			isa = PBXGroup;
			children = (
				4C36706518673FA200BDC5F5 /* RestKit Integration */,
				4C0A43101867CC53005EBC18 /* SRNetworkingProtocol.h */,
			);
			name = Networking;
			sourceTree = "<group>";
		};
		4C685B071866286400ED860D = {
			isa = PBXGroup;
			children = (
				4C685B1B1866286400ED860D /* SlowRoll */,
				4C685B381866286500ED860D /* SlowRollTests */,
				4C685B121866286400ED860D /* Frameworks */,
				4C685B111866286400ED860D /* Products */,
				50B4BDF6A8C6400B9BC4E6E3 /* Pods.xcconfig */,
			);
			sourceTree = "<group>";
		};
		4C685B111866286400ED860D /* Products */ = {
			isa = PBXGroup;
			children = (
				4C685B101866286400ED860D /* SlowRoll.app */,
				4C685B301866286500ED860D /* SlowRollTests.xctest */,
			);
			name = Products;
			sourceTree = "<group>";
		};
		4C685B121866286400ED860D /* Frameworks */ = {
			isa = PBXGroup;
			children = (
				4CC34FA11868B91500AD02E2 /* Crashlytics.framework */,
				4C685B131866286400ED860D /* Foundation.framework */,
				4C685B151866286400ED860D /* CoreGraphics.framework */,
				4C685B171866286400ED860D /* UIKit.framework */,
				4C685B191866286400ED860D /* CoreData.framework */,
				4C685B311866286500ED860D /* XCTest.framework */,
				3201D1097F014222AAAFA51F /* libPods.a */,
			);
			name = Frameworks;
			sourceTree = "<group>";
		};
		4C685B1B1866286400ED860D /* SlowRoll */ = {
			isa = PBXGroup;
			children = (
				4C685B241866286500ED860D /* SRAppDelegate.h */,
				4C685B251866286500ED860D /* SRAppDelegate.m */,
				4C685B2A1866286500ED860D /* Images.xcassets */,
				4CC34FE4187A619900AD02E2 /* Camera */,
				4CC34FD9187A432900AD02E2 /* Categories */,
				4CC34FC5187505F700AD02E2 /* Custom Cells */,
				4CC34FDD187A43FB00AD02E2 /* UI Replacements */,
				4CC34FA3186CDF5200AD02E2 /* View Controllers */,
				4C36706418673F9500BDC5F5 /* Core Data */,
				4C367069186741BE00BDC5F5 /* Networking */,
				4C685B1C1866286400ED860D /* Supporting Files */,
			);
			path = SlowRoll;
			sourceTree = "<group>";
		};
		4C685B1C1866286400ED860D /* Supporting Files */ = {
			isa = PBXGroup;
			children = (
				4C685B1D1866286400ED860D /* SlowRoll-Info.plist */,
				4C685B1E1866286500ED860D /* InfoPlist.strings */,
				4C685B211866286500ED860D /* main.m */,
				4C685B231866286500ED860D /* SlowRoll-Prefix.pch */,
			);
			name = "Supporting Files";
			sourceTree = "<group>";
		};
		4C685B381866286500ED860D /* SlowRollTests */ = {
			isa = PBXGroup;
			children = (
				4C685B3E1866286500ED860D /* SlowRollTests.m */,
				4C685B391866286500ED860D /* Supporting Files */,
			);
			path = SlowRollTests;
			sourceTree = "<group>";
		};
		4C685B391866286500ED860D /* Supporting Files */ = {
			isa = PBXGroup;
			children = (
				4C685B3A1866286500ED860D /* SlowRollTests-Info.plist */,
				4C685B3B1866286500ED860D /* InfoPlist.strings */,
			);
			name = "Supporting Files";
			sourceTree = "<group>";
		};
		4CC34FA3186CDF5200AD02E2 /* View Controllers */ = {
			isa = PBXGroup;
			children = (
				4CC34FA4186CDFCD00AD02E2 /* SRCameraRollListViewController.h */,
				4CC34FA5186CDFCD00AD02E2 /* SRCameraRollListViewController.m */,
				4CC34FA7186CF7D600AD02E2 /* SRCreateRollViewController.h */,
				4CC34FA8186CF7D600AD02E2 /* SRCreateRollViewController.m */,
				4CC34FCD187A14AC00AD02E2 /* SRCreateRollCoordinator.h */,
				4CC34FCE187A14AC00AD02E2 /* SRCreateRollCoordinator.m */,
				4CAC9FF9188B18EF007C0CEC /* SRDeliveryOptionsViewController.h */,
				4CAC9FFA188B18EF007C0CEC /* SRDeliveryOptionsViewController.m */,
			);
			name = "View Controllers";
			sourceTree = "<group>";
		};
		4CC34FB01874D79400AD02E2 /* Core Data Entities */ = {
			isa = PBXGroup;
			children = (
				4CC34FBA1874D7C000AD02E2 /* Mogen (non-editable) */,
				4CC34FBB1874D7C900AD02E2 /* Editable Entities */,
			);
			name = "Core Data Entities";
			sourceTree = "<group>";
		};
		4CC34FBA1874D7C000AD02E2 /* Mogen (non-editable) */ = {
			isa = PBXGroup;
			children = (
				4CC34FB11874D7B900AD02E2 /* _SRCameraRoll.h */,
				4CC34FB21874D7B900AD02E2 /* _SRCameraRoll.m */,
				4CC34FB31874D7B900AD02E2 /* _SRPurchaseOrder.h */,
				4CC34FB41874D7B900AD02E2 /* _SRPurchaseOrder.m */,
				4CC34FB51874D7B900AD02E2 /* _SRRollParticipant.h */,
				4CC34FB61874D7B900AD02E2 /* _SRRollParticipant.m */,
			);
			name = "Mogen (non-editable)";
			sourceTree = "<group>";
		};
		4CC34FBB1874D7C900AD02E2 /* Editable Entities */ = {
			isa = PBXGroup;
			children = (
				4CC34FBC1874D7F000AD02E2 /* SRCameraRoll.h */,
				4CC34FBD1874D7F000AD02E2 /* SRCameraRoll.m */,
				4CC34FBE1874D7F000AD02E2 /* SRPurchaseOrder.h */,
				4CC34FBF1874D7F000AD02E2 /* SRPurchaseOrder.m */,
				4CC34FC01874D7F000AD02E2 /* SRRollParticipant.h */,
				4CC34FC11874D7F000AD02E2 /* SRRollParticipant.m */,
			);
			name = "Editable Entities";
			sourceTree = "<group>";
		};
		4CC34FC5187505F700AD02E2 /* Custom Cells */ = {
			isa = PBXGroup;
			children = (
				4CC34FC61875063300AD02E2 /* SRSubtitleCell.h */,
				4CC34FC71875063300AD02E2 /* SRSubtitleCell.m */,
				4CC34FD0187A160800AD02E2 /* SREditableCell.h */,
				4CC34FD1187A160800AD02E2 /* SREditableCell.m */,
				4CC34FD6187A191000AD02E2 /* SRSegmentedCell.h */,
				4CC34FD7187A191000AD02E2 /* SRSegmentedCell.m */,
				4CAC9FFC188B19F2007C0CEC /* SRDeliveryOptionCell.h */,
				4CAC9FFD188B19F2007C0CEC /* SRDeliveryOptionCell.m */,
			);
			name = "Custom Cells";
			sourceTree = "<group>";
		};
		4CC34FD9187A432900AD02E2 /* Categories */ = {
			isa = PBXGroup;
			children = (
				4CC34FDA187A436100AD02E2 /* UIColor+SRColors.h */,
				4CC34FDB187A436100AD02E2 /* UIColor+SRColors.m */,
				4CC34FE1187A459500AD02E2 /* UIImage+SRColor.h */,
				4CC34FE2187A459500AD02E2 /* UIImage+SRColor.m */,
				4CAC9FF618805D63007C0CEC /* UIFont+SRFonts.h */,
				4CAC9FF718805D63007C0CEC /* UIFont+SRFonts.m */,
			);
			name = Categories;
			sourceTree = "<group>";
		};
		4CC34FDD187A43FB00AD02E2 /* UI Replacements */ = {
			isa = PBXGroup;
			children = (
				4CC34FDE187A450000AD02E2 /* SRSegmentedControl.h */,
				4CC34FDF187A450000AD02E2 /* SRSegmentedControl.m */,
			);
			name = "UI Replacements";
			sourceTree = "<group>";
		};
		4CC34FE4187A619900AD02E2 /* Camera */ = {
			isa = PBXGroup;
			children = (
				4CC34FE5187A623E00AD02E2 /* SRCaptureViewController.h */,
				4CC34FE6187A623E00AD02E2 /* SRCaptureViewController.m */,
				4CC34FE7187A623E00AD02E2 /* SRCaptureSessionManager.h */,
				4CC34FE8187A623E00AD02E2 /* SRCaptureSessionManager.m */,
			);
			name = Camera;
			sourceTree = "<group>";
		};
/* End PBXGroup section */

/* Begin PBXNativeTarget section */
		4C685B0F1866286400ED860D /* SlowRoll */ = {
			isa = PBXNativeTarget;
			buildConfigurationList = 4C685B421866286500ED860D /* Build configuration list for PBXNativeTarget "SlowRoll" */;
			buildPhases = (
				44DC3602D3C24FCB8F42134D /* Check Pods Manifest.lock */,
				4C685B0C1866286400ED860D /* Sources */,
				4C685B0D1866286400ED860D /* Frameworks */,
				4C685B0E1866286400ED860D /* Resources */,
				EC683ABD696146DC9191E75A /* Copy Pods Resources */,
				4CC34FA01868B89C00AD02E2 /* ShellScript */,
			);
			buildRules = (
			);
			dependencies = (
			);
			name = SlowRoll;
			productName = SlowRoll;
			productReference = 4C685B101866286400ED860D /* SlowRoll.app */;
			productType = "com.apple.product-type.application";
		};
		4C685B2F1866286500ED860D /* SlowRollTests */ = {
			isa = PBXNativeTarget;
			buildConfigurationList = 4C685B451866286500ED860D /* Build configuration list for PBXNativeTarget "SlowRollTests" */;
			buildPhases = (
				4C685B2C1866286500ED860D /* Sources */,
				4C685B2D1866286500ED860D /* Frameworks */,
				4C685B2E1866286500ED860D /* Resources */,
			);
			buildRules = (
			);
			dependencies = (
				4C685B371866286500ED860D /* PBXTargetDependency */,
			);
			name = SlowRollTests;
			productName = SlowRollTests;
			productReference = 4C685B301866286500ED860D /* SlowRollTests.xctest */;
			productType = "com.apple.product-type.bundle.unit-test";
		};
/* End PBXNativeTarget section */

/* Begin PBXProject section */
		4C685B081866286400ED860D /* Project object */ = {
			isa = PBXProject;
			attributes = {
				CLASSPREFIX = SR;
				LastUpgradeCheck = 0500;
				ORGANIZATIONNAME = SlowRoll;
				TargetAttributes = {
					4C685B2F1866286500ED860D = {
						TestTargetID = 4C685B0F1866286400ED860D;
					};
				};
			};
			buildConfigurationList = 4C685B0B1866286400ED860D /* Build configuration list for PBXProject "SlowRoll" */;
			compatibilityVersion = "Xcode 3.2";
			developmentRegion = English;
			hasScannedForEncodings = 0;
			knownRegions = (
				en,
			);
			mainGroup = 4C685B071866286400ED860D;
			productRefGroup = 4C685B111866286400ED860D /* Products */;
			projectDirPath = "";
			projectRoot = "";
			targets = (
				4C685B0F1866286400ED860D /* SlowRoll */,
				4C685B2F1866286500ED860D /* SlowRollTests */,
				4CC34FAA1874D38300AD02E2 /* Mogenerator */,
			);
		};
/* End PBXProject section */

/* Begin PBXResourcesBuildPhase section */
		4C685B0E1866286400ED860D /* Resources */ = {
			isa = PBXResourcesBuildPhase;
			buildActionMask = 2147483647;
			files = (
				4C685B201866286500ED860D /* InfoPlist.strings in Resources */,
				4C685B2B1866286500ED860D /* Images.xcassets in Resources */,
			);
			runOnlyForDeploymentPostprocessing = 0;
		};
		4C685B2E1866286500ED860D /* Resources */ = {
			isa = PBXResourcesBuildPhase;
			buildActionMask = 2147483647;
			files = (
				4C685B3D1866286500ED860D /* InfoPlist.strings in Resources */,
			);
			runOnlyForDeploymentPostprocessing = 0;
		};
/* End PBXResourcesBuildPhase section */

/* Begin PBXShellScriptBuildPhase section */
		44DC3602D3C24FCB8F42134D /* Check Pods Manifest.lock */ = {
			isa = PBXShellScriptBuildPhase;
			buildActionMask = 2147483647;
			files = (
			);
			inputPaths = (
			);
			name = "Check Pods Manifest.lock";
			outputPaths = (
			);
			runOnlyForDeploymentPostprocessing = 0;
			shellPath = /bin/sh;
			shellScript = "diff \"${PODS_ROOT}/../Podfile.lock\" \"${PODS_ROOT}/Manifest.lock\" > /dev/null\nif [[ $? != 0 ]] ; then\n    cat << EOM\nerror: The sandbox is not in sync with the Podfile.lock. Run 'pod install' or update your CocoaPods installation.\nEOM\n    exit 1\nfi\n";
			showEnvVarsInLog = 0;
		};
		4CC34FA01868B89C00AD02E2 /* ShellScript */ = {
			isa = PBXShellScriptBuildPhase;
			buildActionMask = 2147483647;
			files = (
			);
			inputPaths = (
			);
			outputPaths = (
			);
			runOnlyForDeploymentPostprocessing = 0;
			shellPath = /bin/sh;
			shellScript = "./Crashlytics.framework/run 963e635f73c4547daa93221a391a60d632c8dfed";
		};
		4CC34FAE1874D4F000AD02E2 /* ShellScript */ = {
			isa = PBXShellScriptBuildPhase;
			buildActionMask = 2147483647;
			files = (
			);
			inputPaths = (
			);
			outputPaths = (
			);
			runOnlyForDeploymentPostprocessing = 0;
			shellPath = /bin/sh;
			shellScript = "mogenerator -m SlowRoll/SlowRoll.xcdatamodeld -O SlowRoll/Model --template-var arc=true";
		};
		EC683ABD696146DC9191E75A /* Copy Pods Resources */ = {
			isa = PBXShellScriptBuildPhase;
			buildActionMask = 2147483647;
			files = (
			);
			inputPaths = (
			);
			name = "Copy Pods Resources";
			outputPaths = (
			);
			runOnlyForDeploymentPostprocessing = 0;
			shellPath = /bin/sh;
			shellScript = "\"${SRCROOT}/Pods/Pods-resources.sh\"\n";
			showEnvVarsInLog = 0;
		};
/* End PBXShellScriptBuildPhase section */

/* Begin PBXSourcesBuildPhase section */
		4C685B0C1866286400ED860D /* Sources */ = {
			isa = PBXSourcesBuildPhase;
			buildActionMask = 2147483647;
			files = (
				4C685B221866286500ED860D /* main.m in Sources */,
				4CC34FD2187A160800AD02E2 /* SREditableCell.m in Sources */,
				4CC34FA6186CDFCD00AD02E2 /* SRCameraRollListViewController.m in Sources */,
				4CC34FE3187A459500AD02E2 /* UIImage+SRColor.m in Sources */,
				4CC34FCF187A14AC00AD02E2 /* SRCreateRollCoordinator.m in Sources */,
				4CC34FDC187A436100AD02E2 /* UIColor+SRColors.m in Sources */,
				4CC34FA9186CF7D600AD02E2 /* SRCreateRollViewController.m in Sources */,
				4CC34FC41874D7F000AD02E2 /* SRRollParticipant.m in Sources */,
				4CAC9FF818805D63007C0CEC /* UIFont+SRFonts.m in Sources */,
				4CAC9FFB188B18EF007C0CEC /* SRDeliveryOptionsViewController.m in Sources */,
				4CC34FE0187A450000AD02E2 /* SRSegmentedControl.m in Sources */,
				4CC34FEA187A623E00AD02E2 /* SRCaptureSessionManager.m in Sources */,
				4C685B291866286500ED860D /* SlowRoll.xcdatamodeld in Sources */,
				4C685B261866286500ED860D /* SRAppDelegate.m in Sources */,
				4CC34FB71874D7B900AD02E2 /* _SRCameraRoll.m in Sources */,
				4CC34FC31874D7F000AD02E2 /* SRPurchaseOrder.m in Sources */,
				4CC34FC21874D7F000AD02E2 /* SRCameraRoll.m in Sources */,
				4C36706818673FD100BDC5F5 /* SRRestKitManager.m in Sources */,
				4CC34FC81875063300AD02E2 /* SRSubtitleCell.m in Sources */,
				4CAC9FFE188B19F2007C0CEC /* SRDeliveryOptionCell.m in Sources */,
				4CC34FE9187A623E00AD02E2 /* SRCaptureViewController.m in Sources */,
				4CC34FD8187A191000AD02E2 /* SRSegmentedCell.m in Sources */,
				4CC34FB81874D7B900AD02E2 /* _SRPurchaseOrder.m in Sources */,
				4CC34FB91874D7B900AD02E2 /* _SRRollParticipant.m in Sources */,
			);
			runOnlyForDeploymentPostprocessing = 0;
		};
		4C685B2C1866286500ED860D /* Sources */ = {
			isa = PBXSourcesBuildPhase;
			buildActionMask = 2147483647;
			files = (
				4C685B3F1866286500ED860D /* SlowRollTests.m in Sources */,
			);
			runOnlyForDeploymentPostprocessing = 0;
		};
/* End PBXSourcesBuildPhase section */

/* Begin PBXTargetDependency section */
		4C685B371866286500ED860D /* PBXTargetDependency */ = {
			isa = PBXTargetDependency;
			target = 4C685B0F1866286400ED860D /* SlowRoll */;
			targetProxy = 4C685B361866286500ED860D /* PBXContainerItemProxy */;
		};
/* End PBXTargetDependency section */

/* Begin PBXVariantGroup section */
		4C685B1E1866286500ED860D /* InfoPlist.strings */ = {
			isa = PBXVariantGroup;
			children = (
				4C685B1F1866286500ED860D /* en */,
			);
			name = InfoPlist.strings;
			sourceTree = "<group>";
		};
		4C685B3B1866286500ED860D /* InfoPlist.strings */ = {
			isa = PBXVariantGroup;
			children = (
				4C685B3C1866286500ED860D /* en */,
			);
			name = InfoPlist.strings;
			sourceTree = "<group>";
		};
/* End PBXVariantGroup section */

/* Begin XCBuildConfiguration section */
		4C685B401866286500ED860D /* Debug */ = {
			isa = XCBuildConfiguration;
			buildSettings = {
				ALWAYS_SEARCH_USER_PATHS = NO;
				ARCHS = "$(ARCHS_STANDARD_INCLUDING_64_BIT)";
				CLANG_CXX_LANGUAGE_STANDARD = "gnu++0x";
				CLANG_CXX_LIBRARY = "libc++";
				CLANG_ENABLE_MODULES = YES;
				CLANG_ENABLE_OBJC_ARC = YES;
				CLANG_WARN_BOOL_CONVERSION = YES;
				CLANG_WARN_CONSTANT_CONVERSION = YES;
				CLANG_WARN_DIRECT_OBJC_ISA_USAGE = YES_ERROR;
				CLANG_WARN_EMPTY_BODY = YES;
				CLANG_WARN_ENUM_CONVERSION = YES;
				CLANG_WARN_INT_CONVERSION = YES;
				CLANG_WARN_OBJC_ROOT_CLASS = YES_ERROR;
				CLANG_WARN__DUPLICATE_METHOD_MATCH = YES;
				"CODE_SIGN_IDENTITY[sdk=iphoneos*]" = "iPhone Developer";
				COPY_PHASE_STRIP = NO;
				GCC_C_LANGUAGE_STANDARD = gnu99;
				GCC_DYNAMIC_NO_PIC = NO;
				GCC_OPTIMIZATION_LEVEL = 0;
				GCC_PREPROCESSOR_DEFINITIONS = (
					"DEBUG=1",
					"$(inherited)",
				);
				GCC_SYMBOLS_PRIVATE_EXTERN = NO;
				GCC_WARN_64_TO_32_BIT_CONVERSION = YES;
				GCC_WARN_ABOUT_RETURN_TYPE = YES_ERROR;
				GCC_WARN_UNDECLARED_SELECTOR = YES;
				GCC_WARN_UNINITIALIZED_AUTOS = YES;
				GCC_WARN_UNUSED_FUNCTION = YES;
				GCC_WARN_UNUSED_VARIABLE = YES;
				IPHONEOS_DEPLOYMENT_TARGET = 7.0;
				ONLY_ACTIVE_ARCH = YES;
				SDKROOT = iphoneos;
			};
			name = Debug;
		};
		4C685B411866286500ED860D /* Release */ = {
			isa = XCBuildConfiguration;
			buildSettings = {
				ALWAYS_SEARCH_USER_PATHS = NO;
				ARCHS = "$(ARCHS_STANDARD_INCLUDING_64_BIT)";
				CLANG_CXX_LANGUAGE_STANDARD = "gnu++0x";
				CLANG_CXX_LIBRARY = "libc++";
				CLANG_ENABLE_MODULES = YES;
				CLANG_ENABLE_OBJC_ARC = YES;
				CLANG_WARN_BOOL_CONVERSION = YES;
				CLANG_WARN_CONSTANT_CONVERSION = YES;
				CLANG_WARN_DIRECT_OBJC_ISA_USAGE = YES_ERROR;
				CLANG_WARN_EMPTY_BODY = YES;
				CLANG_WARN_ENUM_CONVERSION = YES;
				CLANG_WARN_INT_CONVERSION = YES;
				CLANG_WARN_OBJC_ROOT_CLASS = YES_ERROR;
				CLANG_WARN__DUPLICATE_METHOD_MATCH = YES;
				"CODE_SIGN_IDENTITY[sdk=iphoneos*]" = "iPhone Developer";
				COPY_PHASE_STRIP = YES;
				ENABLE_NS_ASSERTIONS = NO;
				GCC_C_LANGUAGE_STANDARD = gnu99;
				GCC_WARN_64_TO_32_BIT_CONVERSION = YES;
				GCC_WARN_ABOUT_RETURN_TYPE = YES_ERROR;
				GCC_WARN_UNDECLARED_SELECTOR = YES;
				GCC_WARN_UNINITIALIZED_AUTOS = YES;
				GCC_WARN_UNUSED_FUNCTION = YES;
				GCC_WARN_UNUSED_VARIABLE = YES;
				IPHONEOS_DEPLOYMENT_TARGET = 7.0;
				SDKROOT = iphoneos;
				VALIDATE_PRODUCT = YES;
			};
			name = Release;
		};
		4C685B431866286500ED860D /* Debug */ = {
			isa = XCBuildConfiguration;
			baseConfigurationReference = 50B4BDF6A8C6400B9BC4E6E3 /* Pods.xcconfig */;
			buildSettings = {
				ASSETCATALOG_COMPILER_APPICON_NAME = AppIcon;
				ASSETCATALOG_COMPILER_LAUNCHIMAGE_NAME = LaunchImage;
				FRAMEWORK_SEARCH_PATHS = (
					"$(inherited)",
					/Users/Michael/Desktop/SlowRoll,
				);
				GCC_PRECOMPILE_PREFIX_HEADER = YES;
				GCC_PREFIX_HEADER = "SlowRoll/SlowRoll-Prefix.pch";
				INFOPLIST_FILE = "SlowRoll/SlowRoll-Info.plist";
				PRODUCT_NAME = "$(TARGET_NAME)";
				WRAPPER_EXTENSION = app;
			};
			name = Debug;
		};
		4C685B441866286500ED860D /* Release */ = {
			isa = XCBuildConfiguration;
			baseConfigurationReference = 50B4BDF6A8C6400B9BC4E6E3 /* Pods.xcconfig */;
			buildSettings = {
				ASSETCATALOG_COMPILER_APPICON_NAME = AppIcon;
				ASSETCATALOG_COMPILER_LAUNCHIMAGE_NAME = LaunchImage;
				FRAMEWORK_SEARCH_PATHS = (
					"$(inherited)",
					/Users/Michael/Desktop/SlowRoll,
				);
				GCC_PRECOMPILE_PREFIX_HEADER = YES;
				GCC_PREFIX_HEADER = "SlowRoll/SlowRoll-Prefix.pch";
				INFOPLIST_FILE = "SlowRoll/SlowRoll-Info.plist";
				PRODUCT_NAME = "$(TARGET_NAME)";
				WRAPPER_EXTENSION = app;
			};
			name = Release;
		};
		4C685B461866286500ED860D /* Debug */ = {
			isa = XCBuildConfiguration;
			buildSettings = {
				ARCHS = "$(ARCHS_STANDARD_INCLUDING_64_BIT)";
				BUNDLE_LOADER = "$(BUILT_PRODUCTS_DIR)/SlowRoll.app/SlowRoll";
				FRAMEWORK_SEARCH_PATHS = (
					"$(SDKROOT)/Developer/Library/Frameworks",
					"$(inherited)",
					"$(DEVELOPER_FRAMEWORKS_DIR)",
				);
				GCC_PRECOMPILE_PREFIX_HEADER = YES;
				GCC_PREFIX_HEADER = "SlowRoll/SlowRoll-Prefix.pch";
				GCC_PREPROCESSOR_DEFINITIONS = (
					"DEBUG=1",
					"$(inherited)",
				);
				INFOPLIST_FILE = "SlowRollTests/SlowRollTests-Info.plist";
				PRODUCT_NAME = "$(TARGET_NAME)";
				TEST_HOST = "$(BUNDLE_LOADER)";
				WRAPPER_EXTENSION = xctest;
			};
			name = Debug;
		};
		4C685B471866286500ED860D /* Release */ = {
			isa = XCBuildConfiguration;
			buildSettings = {
				ARCHS = "$(ARCHS_STANDARD_INCLUDING_64_BIT)";
				BUNDLE_LOADER = "$(BUILT_PRODUCTS_DIR)/SlowRoll.app/SlowRoll";
				FRAMEWORK_SEARCH_PATHS = (
					"$(SDKROOT)/Developer/Library/Frameworks",
					"$(inherited)",
					"$(DEVELOPER_FRAMEWORKS_DIR)",
				);
				GCC_PRECOMPILE_PREFIX_HEADER = YES;
				GCC_PREFIX_HEADER = "SlowRoll/SlowRoll-Prefix.pch";
				INFOPLIST_FILE = "SlowRollTests/SlowRollTests-Info.plist";
				PRODUCT_NAME = "$(TARGET_NAME)";
				TEST_HOST = "$(BUNDLE_LOADER)";
				WRAPPER_EXTENSION = xctest;
			};
			name = Release;
		};
		4CC34FAC1874D38300AD02E2 /* Debug */ = {
			isa = XCBuildConfiguration;
			buildSettings = {
				PRODUCT_NAME = "$(TARGET_NAME)";
			};
			name = Debug;
		};
		4CC34FAD1874D38300AD02E2 /* Release */ = {
			isa = XCBuildConfiguration;
			buildSettings = {
				PRODUCT_NAME = "$(TARGET_NAME)";
			};
			name = Release;
		};
/* End XCBuildConfiguration section */

/* Begin XCConfigurationList section */
		4C685B0B1866286400ED860D /* Build configuration list for PBXProject "SlowRoll" */ = {
			isa = XCConfigurationList;
			buildConfigurations = (
				4C685B401866286500ED860D /* Debug */,
				4C685B411866286500ED860D /* Release */,
			);
			defaultConfigurationIsVisible = 0;
			defaultConfigurationName = Release;
		};
		4C685B421866286500ED860D /* Build configuration list for PBXNativeTarget "SlowRoll" */ = {
			isa = XCConfigurationList;
			buildConfigurations = (
				4C685B431866286500ED860D /* Debug */,
				4C685B441866286500ED860D /* Release */,
			);
			defaultConfigurationIsVisible = 0;
			defaultConfigurationName = Release;
		};
		4C685B451866286500ED860D /* Build configuration list for PBXNativeTarget "SlowRollTests" */ = {
			isa = XCConfigurationList;
			buildConfigurations = (
				4C685B461866286500ED860D /* Debug */,
				4C685B471866286500ED860D /* Release */,
			);
			defaultConfigurationIsVisible = 0;
			defaultConfigurationName = Release;
		};
		4CC34FAB1874D38300AD02E2 /* Build configuration list for PBXAggregateTarget "Mogenerator" */ = {
			isa = XCConfigurationList;
			buildConfigurations = (
				4CC34FAC1874D38300AD02E2 /* Debug */,
				4CC34FAD1874D38300AD02E2 /* Release */,
			);
			defaultConfigurationIsVisible = 0;
			defaultConfigurationName = Release;
		};
/* End XCConfigurationList section */

/* Begin XCVersionGroup section */
		4C685B271866286500ED860D /* SlowRoll.xcdatamodeld */ = {
			isa = XCVersionGroup;
			children = (
				4CC34FAF1874D5D300AD02E2 /* SlowRoll_1.0.xcdatamodel */,
				4C685B281866286500ED860D /* SlowRoll.xcdatamodel */,
			);
			currentVersion = 4CC34FAF1874D5D300AD02E2 /* SlowRoll_1.0.xcdatamodel */;
			path = SlowRoll.xcdatamodeld;
			sourceTree = "<group>";
			versionGroupType = wrapper.xcdatamodel;
		};
/* End XCVersionGroup section */
	};
	rootObject = 4C685B081866286400ED860D /* Project object */;
}
